PODS:
  - Realm (10.48.1):
    - Realm/Headers (= 10.48.1)
  - Realm/Headers (10.48.1)
  - RealmSwift (10.48.1):
    - Realm (= 10.48.1)

DEPENDENCIES:
  - RealmSwift (~> 10)

SPEC REPOS:
  trunk:
    - Realm
    - RealmSwift

SPEC CHECKSUMS:
  Realm: 0a97896f14bac20f01c149f5d9c5b04a3f69240d
  RealmSwift: c37a89ddbeab328d9d77ae7b7041441e2e51ae1e

PODFILE CHECKSUM: 52570f43ad1b270c70e703c74845fd2c1c8c41a9

COCOAPODS: 1.14.2
